hash: caf05e612004dfa42922dcb5ef6e07e3bdaf6ec4fb421d8bc8b41a6a2d5982d4
updated: 2020-01-25T15:18:06.165723-08:00
imports:
- name: github.com/BurntSushi/toml
  version: 3012a1dbe2e4bd1391d42b32f0577cb7bbc7f005
- name: github.com/gocql/gocql.git
  version: 95d072f1b5bbc604ce10f41ce1c914578592ed00
- name: go.uber.org/atomic
  version: 40ae6a40a970ef4cdbffa7b24b280e316db8accc
- name: go.uber.org/dig
  version: be3040509ed2f4075ec55f1f6632596608477a23
  subpackages:
  - internal/digreflect
  - internal/dot
- name: go.uber.org/fx
  version: ad2e5faa53603b72ab26313360fa76e51ed22700
  subpackages:
  - internal/fxlog
  - internal/fxreflect
  - internal/lifecycle
- name: go.uber.org/multierr
  version: 824d08f79702fe5f54aca8400aa0d754318786e7
- name: go.uber.org/tools
  version: 2cfd321de3ee5d5f8a5fda2521d1703478334d98
  subpackages:
  - update-license
- name: golang.org/x/lint
  version: fdd1cda4f05fd1fd86124f0ef9ce31a0b72c8448
  subpackages:
  - golint
- name: golang.org/x/tools
  version: d33eef8e6825f50394356b51ff2bbbe3d30e07e7
  subpackages:
  - go/analysis
  - go/analysis/passes/inspect
  - go/ast/astutil
  - go/ast/inspector
  - go/buildutil
  - go/gcexportdata
  - go/internal/cgo
  - go/internal/gcimporter
  - go/internal/packagesdriver
  - go/loader
  - go/packages
  - go/types/objectpath
  - go/types/typeutil
  - internal/packagesinternal
- name: honnef.co/go/tools
  version: 2774002210e8cbf35b5445a3805e6f173c6bec1f
  subpackages:
  - arg
  - cmd/staticcheck
  - code
  - config
  - deprecated
  - edit
  - facts
  - functions
  - go/types/typeutil
  - internal/cache
  - internal/passes/buildir
  - internal/renameio
  - internal/robustio
  - internal/sharedcheck
  - ir
  - ir/irutil
  - lint
  - lint/lintdsl
  - lint/lintutil
  - lint/lintutil/format
  - loader
  - pattern
  - printf
  - report
  - simple
  - staticcheck
  - stylecheck
  - unused
  - version
testImports: []
